
Microsoft Visual Studio Solution File, Format Version 12.00
# Visual Studio Version 17
VisualStudioVersion = 17.3.32825.248
MinimumVisualStudioVersion = 10.0.40219.1
Project("{FAE04EC0-301F-11D3-BF4B-00C04F79EFBC}") = "ConsoleApp3", "ConsoleApp3\ConsoleApp3.csproj", "{DF069DC2-93C0-42B5-9509-A187486D73CC}"
EndProject
Global
	GlobalSection(SolutionConfigurationPlatforms) = preSolution
		Debug|Any CPU = Debug|Any CPU
		Release|Any CPU = Release|Any CPU
	EndGlobalSection
	GlobalSection(ProjectConfigurationPlatforms) = postSolution
		{DF069DC2-93C0-42B5-9509-A187486D73CC}.Debug|Any CPU.ActiveCfg = Debug|Any CPU
		{DF069DC2-93C0-42B5-9509-A187486D73CC}.Debug|Any CPU.Build.0 = Debug|Any CPU
		{DF069DC2-93C0-42B5-9509-A187486D73CC}.Release|Any CPU.ActiveCfg = Release|Any CPU
		{DF069DC2-93C0-42B5-9509-A187486D73CC}.Release|Any CPU.Build.0 = Release|Any CPU
	EndGlobalSection
	GlobalSection(SolutionProperties) = preSolution
		HideSolutionNode = FALSE
	EndGlobalSection
	GlobalSection(ExtensibilityGlobals) = postSolution
		SolutionGuid = {5FDB17DA-D406-480A-8329-90D1774CC7CE}
	EndGlobalSection
EndGlobal
